
Microsoft Visual Studio Solution File, Format Version 12.00
# Visual Studio Version 16
VisualStudioVersion = 16.0.30804.86
MinimumVisualStudioVersion = 10.0.40219.1
Project("{9A19103F-16F7-4668-BE54-9A1E7A4F7556}") = "PiLed", "PiLed\PiLed.csproj", "{0FEEB835-94D2-423E-8DA5-F37B5454E157}"
EndProject
Project("{2150E333-8FDC-42A3-9474-1A3956D46DE8}") = "Solution Items", "Solution Items", "{2111FA53-D640-4FCB-AF46-4601793383E1}"
	ProjectSection(SolutionItems) = preProject
		AzurePublishPreRelease.yml = AzurePublishPreRelease.yml
		AzurePublishRelease.yml = AzurePublishRelease.yml
		Powershell scripts\BuildPreReleaseAndMoveToLocalCache.ps1 = Powershell scripts\BuildPreReleaseAndMoveToLocalCache.ps1
		README.md = README.md
	EndProjectSection
EndProject
Project("{9A19103F-16F7-4668-BE54-9A1E7A4F7556}") = "PiLed.Test", "PiLed.Test\PiLed.Test.csproj", "{13D8CFCB-3DDA-4576-B421-572D8DB1B2BE}"
EndProject
Global
	GlobalSection(SolutionConfigurationPlatforms) = preSolution
		Debug|Any CPU = Debug|Any CPU
		Release|Any CPU = Release|Any CPU
	EndGlobalSection
	GlobalSection(ProjectConfigurationPlatforms) = postSolution
		{0FEEB835-94D2-423E-8DA5-F37B5454E157}.Debug|Any CPU.ActiveCfg = Debug|Any CPU
		{0FEEB835-94D2-423E-8DA5-F37B5454E157}.Debug|Any CPU.Build.0 = Debug|Any CPU
		{0FEEB835-94D2-423E-8DA5-F37B5454E157}.Release|Any CPU.ActiveCfg = Release|Any CPU
		{0FEEB835-94D2-423E-8DA5-F37B5454E157}.Release|Any CPU.Build.0 = Release|Any CPU
		{13D8CFCB-3DDA-4576-B421-572D8DB1B2BE}.Debug|Any CPU.ActiveCfg = Debug|Any CPU
		{13D8CFCB-3DDA-4576-B421-572D8DB1B2BE}.Debug|Any CPU.Build.0 = Debug|Any CPU
		{13D8CFCB-3DDA-4576-B421-572D8DB1B2BE}.Release|Any CPU.ActiveCfg = Release|Any CPU
		{13D8CFCB-3DDA-4576-B421-572D8DB1B2BE}.Release|Any CPU.Build.0 = Release|Any CPU
	EndGlobalSection
	GlobalSection(SolutionProperties) = preSolution
		HideSolutionNode = FALSE
	EndGlobalSection
	GlobalSection(ExtensibilityGlobals) = postSolution
		SolutionGuid = {917052BB-A7C5-4641-B89A-8A24A4A890EE}
	EndGlobalSection
EndGlobal
